
Microsoft Visual Studio Solution File, Format Version 12.00
# Visual Studio Version 16
VisualStudioVersion = 16.0.29709.97
MinimumVisualStudioVersion = 10.0.40219.1
Project("{FAE04EC0-301F-11D3-BF4B-00C04F79EFBC}") = "MontyHallProblemCSharp", "MontyHallProblemCSharp.csproj", "{136D957F-F250-43B0-9167-62278380F699}"
EndProject
Global
	GlobalSection(SolutionConfigurationPlatforms) = preSolution
		Debug|Any CPU = Debug|Any CPU
		Release|Any CPU = Release|Any CPU
	EndGlobalSection
	GlobalSection(ProjectConfigurationPlatforms) = postSolution
		{136D957F-F250-43B0-9167-62278380F699}.Debug|Any CPU.ActiveCfg = Debug|Any CPU
		{136D957F-F250-43B0-9167-62278380F699}.Debug|Any CPU.Build.0 = Debug|Any CPU
		{136D957F-F250-43B0-9167-62278380F699}.Release|Any CPU.ActiveCfg = Release|Any CPU
		{136D957F-F250-43B0-9167-62278380F699}.Release|Any CPU.Build.0 = Release|Any CPU
	EndGlobalSection
	GlobalSection(SolutionProperties) = preSolution
		HideSolutionNode = FALSE
	EndGlobalSection
	GlobalSection(ExtensibilityGlobals) = postSolution
		SolutionGuid = {051D90AF-F875-4E18-8564-CD9B2D33C707}
	EndGlobalSection
EndGlobal
